{
  "dependencies": {
    "shopify-node-api": {
      "version": "1.2.3",
      "dependencies": {
        "MD5": {
          "version": "1.2.1",
          "dependencies": {
            "charenc": {
              "version": "0.0.1"
            },
            "crypt": {
              "version": "0.0.1"
            }
          }
        }
      }
    }
  }
}
